
Microsoft Visual Studio Solution File, Format Version 12.00
# Visual Studio Version 17
VisualStudioVersion = 17.8.34511.84
MinimumVisualStudioVersion = 10.0.40219.1
Project("{FAE04EC0-301F-11D3-BF4B-00C04F79EFBC}") = "Lab7_2a", "Lab7_2a.csproj", "{5FB05EA9-90B0-413C-9F8C-B4F72BAA01CF}"
EndProject
Global
	GlobalSection(SolutionConfigurationPlatforms) = preSolution
		Debug|Any CPU = Debug|Any CPU
		Release|Any CPU = Release|Any CPU
	EndGlobalSection
	GlobalSection(ProjectConfigurationPlatforms) = postSolution
		{5FB05EA9-90B0-413C-9F8C-B4F72BAA01CF}.Debug|Any CPU.ActiveCfg = Debug|Any CPU
		{5FB05EA9-90B0-413C-9F8C-B4F72BAA01CF}.Debug|Any CPU.Build.0 = Debug|Any CPU
		{5FB05EA9-90B0-413C-9F8C-B4F72BAA01CF}.Release|Any CPU.ActiveCfg = Release|Any CPU
		{5FB05EA9-90B0-413C-9F8C-B4F72BAA01CF}.Release|Any CPU.Build.0 = Release|Any CPU
	EndGlobalSection
	GlobalSection(SolutionProperties) = preSolution
		HideSolutionNode = FALSE
	EndGlobalSection
	GlobalSection(ExtensibilityGlobals) = postSolution
		SolutionGuid = {DA57FC67-4ACD-4155-BBAF-1AA3E6BE6D04}
	EndGlobalSection
EndGlobal
